<Solution>
  <Folder Name="/src/" />
  <Folder Name="/src/Presentation/">
    <Project Path="src/Presentation/Livora-Lite-API/Livora-Lite-API.csproj" />
    <Project Path="src/Presentation/Livora-Lite-Blazor/Livora-Lite-Blazor.csproj" />
    <Project Path="src/Presentation/Livora-Lite-MVC/Livora-Lite.csproj" />
  </Folder>
  <Folder Name="/src/Application/">
    <Project Path="src/Aplication/Application.csproj" />
  </Folder>
  <Folder Name="/src/Domain/">
    <Project Path="src/Domain/Domain.csproj" />
  </Folder>
  <Folder Name="/src/Infrastructure/">
    <Project Path="src/Infrastructure/Infrastructure.csproj" />
  </Folder>
  <Folder Name="/src/Presentation/Livora-Lite-Blazor/">
    <Project Path="src/Presentation/Livora-Lite-Blazor/Livora-Lite-Blazor/Livora-Lite-Blazor.csproj" />
  </Folder>
</Solution>
